
Microsoft Visual Studio Solution File, Format Version 12.00
# Visual Studio 15
VisualStudioVersion = 15.0.27703.2026
MinimumVisualStudioVersion = 10.0.40219.1
Project("{FAE04EC0-301F-11D3-BF4B-00C04F79EFBC}") = "ContractNotifyCollector", "ContractNotifyCollector\ContractNotifyCollector.csproj", "{4BB9E369-0E93-4312-8468-DC65B81CC302}"
EndProject
Global
	GlobalSection(SolutionConfigurationPlatforms) = preSolution
		Debug|Any CPU = Debug|Any CPU
		Release|Any CPU = Release|Any CPU
	EndGlobalSection
	GlobalSection(ProjectConfigurationPlatforms) = postSolution
		{4BB9E369-0E93-4312-8468-DC65B81CC302}.Debug|Any CPU.ActiveCfg = Debug|Any CPU
		{4BB9E369-0E93-4312-8468-DC65B81CC302}.Debug|Any CPU.Build.0 = Debug|Any CPU
		{4BB9E369-0E93-4312-8468-DC65B81CC302}.Release|Any CPU.ActiveCfg = Release|Any CPU
		{4BB9E369-0E93-4312-8468-DC65B81CC302}.Release|Any CPU.Build.0 = Release|Any CPU
	EndGlobalSection
	GlobalSection(SolutionProperties) = preSolution
		HideSolutionNode = FALSE
	EndGlobalSection
	GlobalSection(ExtensibilityGlobals) = postSolution
		SolutionGuid = {D35B678F-4953-429F-B91D-1E9B2A5D418F}
	EndGlobalSection
EndGlobal
